
Microsoft Visual Studio Solution File, Format Version 12.00
# Visual Studio Version 17
VisualStudioVersion = 17.7.34024.191
MinimumVisualStudioVersion = 10.0.40219.1
Project("{9A19103F-16F7-4668-BE54-9A1E7A4F7556}") = "Azure_Devops_assignment", "Azure_Devops_assignment\Azure_Devops_assignment.csproj", "{83D63EC9-136C-4140-81D5-81ED11E45D05}"
EndProject
Global
	GlobalSection(SolutionConfigurationPlatforms) = preSolution
		Debug|Any CPU = Debug|Any CPU
		Release|Any CPU = Release|Any CPU
	EndGlobalSection
	GlobalSection(ProjectConfigurationPlatforms) = postSolution
		{83D63EC9-136C-4140-81D5-81ED11E45D05}.Debug|Any CPU.ActiveCfg = Debug|Any CPU
		{83D63EC9-136C-4140-81D5-81ED11E45D05}.Debug|Any CPU.Build.0 = Debug|Any CPU
		{83D63EC9-136C-4140-81D5-81ED11E45D05}.Release|Any CPU.ActiveCfg = Release|Any CPU
		{83D63EC9-136C-4140-81D5-81ED11E45D05}.Release|Any CPU.Build.0 = Release|Any CPU
	EndGlobalSection
	GlobalSection(SolutionProperties) = preSolution
		HideSolutionNode = FALSE
	EndGlobalSection
	GlobalSection(ExtensibilityGlobals) = postSolution
		SolutionGuid = {0985A18E-D2A4-4035-B4F7-A6E88ECDD23F}
	EndGlobalSection
EndGlobal
